// !$*UTF8*$!
{
	archiveVersion = 1;
	classes = {
	};
	objectVersion = 46;
	objects = {

/* Begin PBXBuildFile section */
		5E5002B01B8ABE38004517FD /* DriverTestLibraryClassOneViewController.m in Sources */ = {isa = PBXBuildFile; fileRef = 5E5002AF1B8ABE38004517FD /* DriverTestLibraryClassOneViewController.m */; };
		5E5002B31B8ABF18004517FD /* DriverTestLibraryClassFourViewController.m in Sources */ = {isa = PBXBuildFile; fileRef = 5E5002B21B8ABF18004517FD /* DriverTestLibraryClassFourViewController.m */; };
		5E5002B61B8AC1F3004517FD /* DriverTestLibNavigationViewController.m in Sources */ = {isa = PBXBuildFile; fileRef = 5E5002B51B8AC1F3004517FD /* DriverTestLibNavigationViewController.m */; };
		5E5002B91B8AED53004517FD /* DriverTestTabBarController.m in Sources */ = {isa = PBXBuildFile; fileRef = 5E5002B81B8AED53004517FD /* DriverTestTabBarController.m */; };
		5E5002BD1B8B0997004517FD /* DriverTestQuestionsViewController.m in Sources */ = {isa = PBXBuildFile; fileRef = 5E5002BC1B8B0997004517FD /* DriverTestQuestionsViewController.m */; };
		5E5002C21B8B15C3004517FD /* Localizable.strings in Resources */ = {isa = PBXBuildFile; fileRef = 5E5002C11B8B15C3004517FD /* Localizable.strings */; };
		5E5002C51B8B2277004517FD /* DriverApplyViewController.m in Sources */ = {isa = PBXBuildFile; fileRef = 5E5002C41B8B2277004517FD /* DriverApplyViewController.m */; };
		5EC756571B8D8B5D00FAFC11 /* SWCardSlideView.m in Sources */ = {isa = PBXBuildFile; fileRef = 5EC756561B8D8B5D00FAFC11 /* SWCardSlideView.m */; };
		5EFA1A611B830F6A00047617 /* main.m in Sources */ = {isa = PBXBuildFile; fileRef = 5EFA1A601B830F6A00047617 /* main.m */; };
		5EFA1A641B830F6A00047617 /* AppDelegate.m in Sources */ = {isa = PBXBuildFile; fileRef = 5EFA1A631B830F6A00047617 /* AppDelegate.m */; };
		5EFA1A671B830F6A00047617 /* DriverTestShot.xcdatamodeld in Sources */ = {isa = PBXBuildFile; fileRef = 5EFA1A651B830F6A00047617 /* DriverTestShot.xcdatamodeld */; };
		5EFA1A6A1B830F6A00047617 /* DriverTestMainViewController.m in Sources */ = {isa = PBXBuildFile; fileRef = 5EFA1A691B830F6A00047617 /* DriverTestMainViewController.m */; };
		5EFA1A6D1B830F6A00047617 /* Main.storyboard in Resources */ = {isa = PBXBuildFile; fileRef = 5EFA1A6B1B830F6A00047617 /* Main.storyboard */; };
		5EFA1A6F1B830F6A00047617 /* Images.xcassets in Resources */ = {isa = PBXBuildFile; fileRef = 5EFA1A6E1B830F6A00047617 /* Images.xcassets */; };
		5EFA1A721B830F6A00047617 /* LaunchScreen.xib in Resources */ = {isa = PBXBuildFile; fileRef = 5EFA1A701B830F6A00047617 /* LaunchScreen.xib */; };
		5EFA1A7E1B830F6B00047617 /* DriverTestShotTests.m in Sources */ = {isa = PBXBuildFile; fileRef = 5EFA1A7D1B830F6B00047617 /* DriverTestShotTests.m */; };
		5EFA1A8A1B83109900047617 /* SWDrag2ShowMenu.m in Sources */ = {isa = PBXBuildFile; fileRef = 5EFA1A891B83109900047617 /* SWDrag2ShowMenu.m */; };
		5EFA1A8E1B831B0900047617 /* SlideMenuTableView.m in Sources */ = {isa = PBXBuildFile; fileRef = 5EFA1A8D1B831B0900047617 /* SlideMenuTableView.m */; };
		5EFA1A9A1B832D0100047617 /* UserInfoTableViewCell.m in Sources */ = {isa = PBXBuildFile; fileRef = 5EFA1A981B832D0100047617 /* UserInfoTableViewCell.m */; };
		5EFA1A9B1B832D0100047617 /* UserInfoTableViewCell.xib in Resources */ = {isa = PBXBuildFile; fileRef = 5EFA1A991B832D0100047617 /* UserInfoTableViewCell.xib */; };
		5EFA1A9D1B83336A00047617 /* MyHead.jpg in Resources */ = {isa = PBXBuildFile; fileRef = 5EFA1A9C1B83336A00047617 /* MyHead.jpg */; };
		8032268C1B83819700A01A67 /* classOne.png in Resources */ = {isa = PBXBuildFile; fileRef = 8032268B1B83819700A01A67 /* classOne.png */; };
		8032268E1B8381B100A01A67 /* classFour.png in Resources */ = {isa = PBXBuildFile; fileRef = 8032268D1B8381B100A01A67 /* classFour.png */; };
		80495BE21B99C7CC005D54A8 /* WrongAnswer.m in Sources */ = {isa = PBXBuildFile; fileRef = 80495BE11B99C7CC005D54A8 /* WrongAnswer.m */; };
		80495BE51B99C7CD005D54A8 /* DriverTestLibOne.m in Sources */ = {isa = PBXBuildFile; fileRef = 80495BE41B99C7CD005D54A8 /* DriverTestLibOne.m */; };
		80495BE81B99C7CD005D54A8 /* DriverTestLibFour.m in Sources */ = {isa = PBXBuildFile; fileRef = 80495BE71B99C7CD005D54A8 /* DriverTestLibFour.m */; };
		80495BEB1B99C81B005D54A8 /* CustomLib.m in Sources */ = {isa = PBXBuildFile; fileRef = 80495BEA1B99C81B005D54A8 /* CustomLib.m */; };
		804F10351B89C835009D9803 /* FlowLayoutForPageTest.m in Sources */ = {isa = PBXBuildFile; fileRef = 804F10341B89C835009D9803 /* FlowLayoutForPageTest.m */; };
		804F103B1B89CA52009D9803 /* WaterFallUICollectionViewCell.m in Sources */ = {isa = PBXBuildFile; fileRef = 804F103A1B89CA52009D9803 /* WaterFallUICollectionViewCell.m */; };
/* End PBXBuildFile section */

/* Begin PBXContainerItemProxy section */
		5EFA1A781B830F6B00047617 /* PBXContainerItemProxy */ = {
			isa = PBXContainerItemProxy;
			containerPortal = 5EFA1A531B830F6A00047617 /* Project object */;
			proxyType = 1;
			remoteGlobalIDString = 5EFA1A5A1B830F6A00047617;
			remoteInfo = DriverTestShot;
		};
/* End PBXContainerItemProxy section */

/* Begin PBXFileReference section */
		5E5002AE1B8ABE38004517FD /* DriverTestLibraryClassOneViewController.h */ = {isa = PBXFileReference; fileEncoding = 4; lastKnownFileType = sourcecode.c.h; path = DriverTestLibraryClassOneViewController.h; sourceTree = "<group>"; };
		5E5002AF1B8ABE38004517FD /* DriverTestLibraryClassOneViewController.m */ = {isa = PBXFileReference; fileEncoding = 4; lastKnownFileType = sourcecode.c.objc; path = DriverTestLibraryClassOneViewController.m; sourceTree = "<group>"; };
		5E5002B11B8ABF18004517FD /* DriverTestLibraryClassFourViewController.h */ = {isa = PBXFileReference; fileEncoding = 4; lastKnownFileType = sourcecode.c.h; path = DriverTestLibraryClassFourViewController.h; sourceTree = "<group>"; };
		5E5002B21B8ABF18004517FD /* DriverTestLibraryClassFourViewController.m */ = {isa = PBXFileReference; fileEncoding = 4; lastKnownFileType = sourcecode.c.objc; path = DriverTestLibraryClassFourViewController.m; sourceTree = "<group>"; };
		5E5002B41B8AC1F3004517FD /* DriverTestLibNavigationViewController.h */ = {isa = PBXFileReference; fileEncoding = 4; lastKnownFileType = sourcecode.c.h; path = DriverTestLibNavigationViewController.h; sourceTree = "<group>"; };
		5E5002B51B8AC1F3004517FD /* DriverTestLibNavigationViewController.m */ = {isa = PBXFileReference; fileEncoding = 4; lastKnownFileType = sourcecode.c.objc; path = DriverTestLibNavigationViewController.m; sourceTree = "<group>"; };
		5E5002B71B8AED53004517FD /* DriverTestTabBarController.h */ = {isa = PBXFileReference; fileEncoding = 4; lastKnownFileType = sourcecode.c.h; path = DriverTestTabBarController.h; sourceTree = "<group>"; };
		5E5002B81B8AED53004517FD /* DriverTestTabBarController.m */ = {isa = PBXFileReference; fileEncoding = 4; lastKnownFileType = sourcecode.c.objc; path = DriverTestTabBarController.m; sourceTree = "<group>"; };
		5E5002BA1B8B0627004517FD /* DriverTestViewDelegate.h */ = {isa = PBXFileReference; fileEncoding = 4; lastKnownFileType = sourcecode.c.h; path = DriverTestViewDelegate.h; sourceTree = "<group>"; };
		5E5002BB1B8B0997004517FD /* DriverTestQuestionsViewController.h */ = {isa = PBXFileReference; fileEncoding = 4; lastKnownFileType = sourcecode.c.h; path = DriverTestQuestionsViewController.h; sourceTree = "<group>"; };
		5E5002BC1B8B0997004517FD /* DriverTestQuestionsViewController.m */ = {isa = PBXFileReference; fileEncoding = 4; lastKnownFileType = sourcecode.c.objc; path = DriverTestQuestionsViewController.m; sourceTree = "<group>"; };
		5E5002C11B8B15C3004517FD /* Localizable.strings */ = {isa = PBXFileReference; fileEncoding = 4; lastKnownFileType = text.plist.strings; path = Localizable.strings; sourceTree = "<group>"; };
		5E5002C31B8B2277004517FD /* DriverApplyViewController.h */ = {isa = PBXFileReference; fileEncoding = 4; lastKnownFileType = sourcecode.c.h; path = DriverApplyViewController.h; sourceTree = "<group>"; };
		5E5002C41B8B2277004517FD /* DriverApplyViewController.m */ = {isa = PBXFileReference; fileEncoding = 4; lastKnownFileType = sourcecode.c.objc; path = DriverApplyViewController.m; sourceTree = "<group>"; };
		5EC756551B8D8B5400FAFC11 /* SWCardSlideView.h */ = {isa = PBXFileReference; fileEncoding = 4; lastKnownFileType = sourcecode.c.h; path = SWCardSlideView.h; sourceTree = "<group>"; };
		5EC756561B8D8B5D00FAFC11 /* SWCardSlideView.m */ = {isa = PBXFileReference; fileEncoding = 4; lastKnownFileType = sourcecode.c.objc; path = SWCardSlideView.m; sourceTree = "<group>"; };
		5EFA1A5B1B830F6A00047617 /* DriverTestShot.app */ = {isa = PBXFileReference; explicitFileType = wrapper.application; includeInIndex = 0; path = DriverTestShot.app; sourceTree = BUILT_PRODUCTS_DIR; };
		5EFA1A5F1B830F6A00047617 /* Info.plist */ = {isa = PBXFileReference; lastKnownFileType = text.plist.xml; path = Info.plist; sourceTree = "<group>"; };
		5EFA1A601B830F6A00047617 /* main.m */ = {isa = PBXFileReference; lastKnownFileType = sourcecode.c.objc; path = main.m; sourceTree = "<group>"; };
		5EFA1A621B830F6A00047617 /* AppDelegate.h */ = {isa = PBXFileReference; lastKnownFileType = sourcecode.c.h; path = AppDelegate.h; sourceTree = "<group>"; };
		5EFA1A631B830F6A00047617 /* AppDelegate.m */ = {isa = PBXFileReference; lastKnownFileType = sourcecode.c.objc; path = AppDelegate.m; sourceTree = "<group>"; };
		5EFA1A661B830F6A00047617 /* DriverTestShot.xcdatamodel */ = {isa = PBXFileReference; lastKnownFileType = wrapper.xcdatamodel; path = DriverTestShot.xcdatamodel; sourceTree = "<group>"; };
		5EFA1A681B830F6A00047617 /* DriverTestMainViewController.h */ = {isa = PBXFileReference; lastKnownFileType = sourcecode.c.h; path = DriverTestMainViewController.h; sourceTree = "<group>"; };
		5EFA1A691B830F6A00047617 /* DriverTestMainViewController.m */ = {isa = PBXFileReference; lastKnownFileType = sourcecode.c.objc; path = DriverTestMainViewController.m; sourceTree = "<group>"; };
		5EFA1A6C1B830F6A00047617 /* Base */ = {isa = PBXFileReference; lastKnownFileType = file.storyboard; name = Base; path = Base.lproj/Main.storyboard; sourceTree = "<group>"; };
		5EFA1A6E1B830F6A00047617 /* Images.xcassets */ = {isa = PBXFileReference; lastKnownFileType = folder.assetcatalog; path = Images.xcassets; sourceTree = "<group>"; };
		5EFA1A711B830F6A00047617 /* Base */ = {isa = PBXFileReference; lastKnownFileType = file.xib; name = Base; path = Base.lproj/LaunchScreen.xib; sourceTree = "<group>"; };
		5EFA1A771B830F6B00047617 /* DriverTestShotTests.xctest */ = {isa = PBXFileReference; explicitFileType = wrapper.cfbundle; includeInIndex = 0; path = DriverTestShotTests.xctest; sourceTree = BUILT_PRODUCTS_DIR; };
		5EFA1A7C1B830F6B00047617 /* Info.plist */ = {isa = PBXFileReference; lastKnownFileType = text.plist.xml; path = Info.plist; sourceTree = "<group>"; };
		5EFA1A7D1B830F6B00047617 /* DriverTestShotTests.m */ = {isa = PBXFileReference; lastKnownFileType = sourcecode.c.objc; path = DriverTestShotTests.m; sourceTree = "<group>"; };
		5EFA1A881B83109100047617 /* SWDrag2ShowMenu.h */ = {isa = PBXFileReference; fileEncoding = 4; lastKnownFileType = sourcecode.c.h; path = SWDrag2ShowMenu.h; sourceTree = "<group>"; };
		5EFA1A891B83109900047617 /* SWDrag2ShowMenu.m */ = {isa = PBXFileReference; fileEncoding = 4; lastKnownFileType = sourcecode.c.objc; path = SWDrag2ShowMenu.m; sourceTree = "<group>"; };
		5EFA1A8C1B831B0900047617 /* SlideMenuTableView.h */ = {isa = PBXFileReference; fileEncoding = 4; lastKnownFileType = sourcecode.c.h; path = SlideMenuTableView.h; sourceTree = "<group>"; };
		5EFA1A8D1B831B0900047617 /* SlideMenuTableView.m */ = {isa = PBXFileReference; fileEncoding = 4; lastKnownFileType = sourcecode.c.objc; path = SlideMenuTableView.m; sourceTree = "<group>"; };
		5EFA1A971B832D0100047617 /* UserInfoTableViewCell.h */ = {isa = PBXFileReference; fileEncoding = 4; lastKnownFileType = sourcecode.c.h; path = UserInfoTableViewCell.h; sourceTree = "<group>"; };
		5EFA1A981B832D0100047617 /* UserInfoTableViewCell.m */ = {isa = PBXFileReference; fileEncoding = 4; lastKnownFileType = sourcecode.c.objc; path = UserInfoTableViewCell.m; sourceTree = "<group>"; };
		5EFA1A991B832D0100047617 /* UserInfoTableViewCell.xib */ = {isa = PBXFileReference; fileEncoding = 4; lastKnownFileType = file.xib; path = UserInfoTableViewCell.xib; sourceTree = "<group>"; };
		5EFA1A9C1B83336A00047617 /* MyHead.jpg */ = {isa = PBXFileReference; lastKnownFileType = image.jpeg; path = MyHead.jpg; sourceTree = "<group>"; };
		8032268B1B83819700A01A67 /* classOne.png */ = {isa = PBXFileReference; lastKnownFileType = image.png; path = classOne.png; sourceTree = "<group>"; };
		8032268D1B8381B100A01A67 /* classFour.png */ = {isa = PBXFileReference; lastKnownFileType = image.png; path = classFour.png; sourceTree = "<group>"; };
		80495BE01B99C7CC005D54A8 /* WrongAnswer.h */ = {isa = PBXFileReference; fileEncoding = 4; lastKnownFileType = sourcecode.c.h; path = WrongAnswer.h; sourceTree = "<group>"; };
		80495BE11B99C7CC005D54A8 /* WrongAnswer.m */ = {isa = PBXFileReference; fileEncoding = 4; lastKnownFileType = sourcecode.c.objc; path = WrongAnswer.m; sourceTree = "<group>"; };
		80495BE31B99C7CC005D54A8 /* DriverTestLibOne.h */ = {isa = PBXFileReference; fileEncoding = 4; lastKnownFileType = sourcecode.c.h; path = DriverTestLibOne.h; sourceTree = "<group>"; };
		80495BE41B99C7CD005D54A8 /* DriverTestLibOne.m */ = {isa = PBXFileReference; fileEncoding = 4; lastKnownFileType = sourcecode.c.objc; path = DriverTestLibOne.m; sourceTree = "<group>"; };
		80495BE61B99C7CD005D54A8 /* DriverTestLibFour.h */ = {isa = PBXFileReference; fileEncoding = 4; lastKnownFileType = sourcecode.c.h; path = DriverTestLibFour.h; sourceTree = "<group>"; };
		80495BE71B99C7CD005D54A8 /* DriverTestLibFour.m */ = {isa = PBXFileReference; fileEncoding = 4; lastKnownFileType = sourcecode.c.objc; path = DriverTestLibFour.m; sourceTree = "<group>"; };
		80495BE91B99C81B005D54A8 /* CustomLib.h */ = {isa = PBXFileReference; fileEncoding = 4; lastKnownFileType = sourcecode.c.h; path = CustomLib.h; sourceTree = "<group>"; };
		80495BEA1B99C81B005D54A8 /* CustomLib.m */ = {isa = PBXFileReference; fileEncoding = 4; lastKnownFileType = sourcecode.c.objc; path = CustomLib.m; sourceTree = "<group>"; };
		804F10331B89C82E009D9803 /* FlowLayoutForPageTest.h */ = {isa = PBXFileReference; fileEncoding = 4; lastKnownFileType = sourcecode.c.h; path = FlowLayoutForPageTest.h; sourceTree = "<group>"; };
		804F10341B89C835009D9803 /* FlowLayoutForPageTest.m */ = {isa = PBXFileReference; fileEncoding = 4; lastKnownFileType = sourcecode.c.objc; path = FlowLayoutForPageTest.m; sourceTree = "<group>"; };
		804F10391B89CA4A009D9803 /* WaterFallUICollectionViewCell.h */ = {isa = PBXFileReference; fileEncoding = 4; lastKnownFileType = sourcecode.c.h; path = WaterFallUICollectionViewCell.h; sourceTree = "<group>"; };
		804F103A1B89CA52009D9803 /* WaterFallUICollectionViewCell.m */ = {isa = PBXFileReference; fileEncoding = 4; lastKnownFileType = sourcecode.c.objc; path = WaterFallUICollectionViewCell.m; sourceTree = "<group>"; };
/* End PBXFileReference section */

/* Begin PBXFrameworksBuildPhase section */
		5EFA1A581B830F6A00047617 /* Frameworks */ = {
			isa = PBXFrameworksBuildPhase;
			buildActionMask = 2147483647;
			files = (
			);
			runOnlyForDeploymentPostprocessing = 0;
		};
		5EFA1A741B830F6B00047617 /* Frameworks */ = {
			isa = PBXFrameworksBuildPhase;
			buildActionMask = 2147483647;
			files = (
			);
			runOnlyForDeploymentPostprocessing = 0;
		};
/* End PBXFrameworksBuildPhase section */

/* Begin PBXGroup section */
		5E430FD11B8C10BF00D12E4C /* SlideCardView */ = {
			isa = PBXGroup;
			children = (
				5EC756561B8D8B5D00FAFC11 /* SWCardSlideView.m */,
				5EC756551B8D8B5400FAFC11 /* SWCardSlideView.h */,
			);
			name = SlideCardView;
			sourceTree = "<group>";
		};
		5E5002BE1B8B106A004517FD /* DriverTestTab */ = {
			isa = PBXGroup;
			children = (
				5E5002BA1B8B0627004517FD /* DriverTestViewDelegate.h */,
				5E5002AE1B8ABE38004517FD /* DriverTestLibraryClassOneViewController.h */,
				5E5002AF1B8ABE38004517FD /* DriverTestLibraryClassOneViewController.m */,
				5E5002B11B8ABF18004517FD /* DriverTestLibraryClassFourViewController.h */,
				5E5002B21B8ABF18004517FD /* DriverTestLibraryClassFourViewController.m */,
				5E5002B41B8AC1F3004517FD /* DriverTestLibNavigationViewController.h */,
				5E5002B51B8AC1F3004517FD /* DriverTestLibNavigationViewController.m */,
			);
			name = DriverTestTab;
			sourceTree = "<group>";
		};
		5E5002BF1B8B10E9004517FD /* DriverTestQuestions */ = {
			isa = PBXGroup;
			children = (
				5E5002BB1B8B0997004517FD /* DriverTestQuestionsViewController.h */,
				5E5002BC1B8B0997004517FD /* DriverTestQuestionsViewController.m */,
			);
			name = DriverTestQuestions;
			sourceTree = "<group>";
		};
		5E5002C01B8B11AA004517FD /* UserInfo */ = {
			isa = PBXGroup;
			children = (
			);
			name = UserInfo;
			sourceTree = "<group>";
		};
		5EC756581B8DB14600FAFC11 /* Core Data */ = {
			isa = PBXGroup;
			children = (
				5EFA1A651B830F6A00047617 /* DriverTestShot.xcdatamodeld */,
				80495BE61B99C7CD005D54A8 /* DriverTestLibFour.h */,
				80495BE71B99C7CD005D54A8 /* DriverTestLibFour.m */,
				80495BE31B99C7CC005D54A8 /* DriverTestLibOne.h */,
				80495BE41B99C7CD005D54A8 /* DriverTestLibOne.m */,
				80495BE01B99C7CC005D54A8 /* WrongAnswer.h */,
				80495BE11B99C7CC005D54A8 /* WrongAnswer.m */,
				80495BE91B99C81B005D54A8 /* CustomLib.h */,
				80495BEA1B99C81B005D54A8 /* CustomLib.m */,
			);
			name = "Core Data";
			sourceTree = "<group>";
		};
		5EFA1A521B830F6A00047617 = {
			isa = PBXGroup;
			children = (
				5EC756581B8DB14600FAFC11 /* Core Data */,
				5E430FD11B8C10BF00D12E4C /* SlideCardView */,
				804F10321B89C81E009D9803 /* LayOut */,
				8032268D1B8381B100A01A67 /* classFour.png */,
				8032268B1B83819700A01A67 /* classOne.png */,
				5EFA1A9C1B83336A00047617 /* MyHead.jpg */,
				5EFA1A871B83106B00047617 /* Drag2ShowMenu */,
				5EFA1A5D1B830F6A00047617 /* DriverTestShot */,
				5EFA1A7A1B830F6B00047617 /* DriverTestShotTests */,
				5EFA1A5C1B830F6A00047617 /* Products */,
			);
			sourceTree = "<group>";
		};
		5EFA1A5C1B830F6A00047617 /* Products */ = {
			isa = PBXGroup;
			children = (
				5EFA1A5B1B830F6A00047617 /* DriverTestShot.app */,
				5EFA1A771B830F6B00047617 /* DriverTestShotTests.xctest */,
			);
			name = Products;
			sourceTree = "<group>";
		};
		5EFA1A5D1B830F6A00047617 /* DriverTestShot */ = {
			isa = PBXGroup;
			children = (
				5E5002C01B8B11AA004517FD /* UserInfo */,
				5E5002BF1B8B10E9004517FD /* DriverTestQuestions */,
				5E5002BE1B8B106A004517FD /* DriverTestTab */,
				5EFA1A941B83284500047617 /* SlideTableViewCellContentView */,
				5EFA1A621B830F6A00047617 /* AppDelegate.h */,
				5EFA1A631B830F6A00047617 /* AppDelegate.m */,
				5EFA1A681B830F6A00047617 /* DriverTestMainViewController.h */,
				5EFA1A691B830F6A00047617 /* DriverTestMainViewController.m */,
				5EFA1A6B1B830F6A00047617 /* Main.storyboard */,
				5EFA1A6E1B830F6A00047617 /* Images.xcassets */,
				5EFA1A701B830F6A00047617 /* LaunchScreen.xib */,
				5EFA1A5E1B830F6A00047617 /* Supporting Files */,
				5EFA1A8C1B831B0900047617 /* SlideMenuTableView.h */,
				5EFA1A8D1B831B0900047617 /* SlideMenuTableView.m */,
				5E5002B71B8AED53004517FD /* DriverTestTabBarController.h */,
				5E5002B81B8AED53004517FD /* DriverTestTabBarController.m */,
				5E5002C11B8B15C3004517FD /* Localizable.strings */,
				5E5002C31B8B2277004517FD /* DriverApplyViewController.h */,
				5E5002C41B8B2277004517FD /* DriverApplyViewController.m */,
			);
			path = DriverTestShot;
			sourceTree = "<group>";
		};
		5EFA1A5E1B830F6A00047617 /* Supporting Files */ = {
			isa = PBXGroup;
			children = (
				5EFA1A5F1B830F6A00047617 /* Info.plist */,
				5EFA1A601B830F6A00047617 /* main.m */,
			);
			name = "Supporting Files";
			sourceTree = "<group>";
		};
		5EFA1A7A1B830F6B00047617 /* DriverTestShotTests */ = {
			isa = PBXGroup;
			children = (
				5EFA1A7D1B830F6B00047617 /* DriverTestShotTests.m */,
				5EFA1A7B1B830F6B00047617 /* Supporting Files */,
			);
			path = DriverTestShotTests;
			sourceTree = "<group>";
		};
		5EFA1A7B1B830F6B00047617 /* Supporting Files */ = {
			isa = PBXGroup;
			children = (
				5EFA1A7C1B830F6B00047617 /* Info.plist */,
			);
			name = "Supporting Files";
			sourceTree = "<group>";
		};
		5EFA1A871B83106B00047617 /* Drag2ShowMenu */ = {
			isa = PBXGroup;
			children = (
				5EFA1A891B83109900047617 /* SWDrag2ShowMenu.m */,
				5EFA1A881B83109100047617 /* SWDrag2ShowMenu.h */,
			);
			name = Drag2ShowMenu;
			sourceTree = "<group>";
		};
		5EFA1A941B83284500047617 /* SlideTableViewCellContentView */ = {
			isa = PBXGroup;
			children = (
				5EFA1A971B832D0100047617 /* UserInfoTableViewCell.h */,
				5EFA1A981B832D0100047617 /* UserInfoTableViewCell.m */,
				5EFA1A991B832D0100047617 /* UserInfoTableViewCell.xib */,
			);
			name = SlideTableViewCellContentView;
			sourceTree = "<group>";
		};
		804F10321B89C81E009D9803 /* LayOut */ = {
			isa = PBXGroup;
			children = (
				804F103A1B89CA52009D9803 /* WaterFallUICollectionViewCell.m */,
				804F10391B89CA4A009D9803 /* WaterFallUICollectionViewCell.h */,
				804F10341B89C835009D9803 /* FlowLayoutForPageTest.m */,
				804F10331B89C82E009D9803 /* FlowLayoutForPageTest.h */,
			);
			name = LayOut;
			sourceTree = "<group>";
		};
/* End PBXGroup section */

/* Begin PBXNativeTarget section */
		5EFA1A5A1B830F6A00047617 /* DriverTestShot */ = {
			isa = PBXNativeTarget;
			buildConfigurationList = 5EFA1A811B830F6B00047617 /* Build configuration list for PBXNativeTarget "DriverTestShot" */;
			buildPhases = (
				5EFA1A571B830F6A00047617 /* Sources */,
				5EFA1A581B830F6A00047617 /* Frameworks */,
				5EFA1A591B830F6A00047617 /* Resources */,
			);
			buildRules = (
			);
			dependencies = (
			);
			name = DriverTestShot;
			productName = DriverTestShot;
			productReference = 5EFA1A5B1B830F6A00047617 /* DriverTestShot.app */;
			productType = "com.apple.product-type.application";
		};
		5EFA1A761B830F6B00047617 /* DriverTestShotTests */ = {
			isa = PBXNativeTarget;
			buildConfigurationList = 5EFA1A841B830F6B00047617 /* Build configuration list for PBXNativeTarget "DriverTestShotTests" */;
			buildPhases = (
				5EFA1A731B830F6B00047617 /* Sources */,
				5EFA1A741B830F6B00047617 /* Frameworks */,
				5EFA1A751B830F6B00047617 /* Resources */,
			);
			buildRules = (
			);
			dependencies = (
				5EFA1A791B830F6B00047617 /* PBXTargetDependency */,
			);
			name = DriverTestShotTests;
			productName = DriverTestShotTests;
			productReference = 5EFA1A771B830F6B00047617 /* DriverTestShotTests.xctest */;
			productType = "com.apple.product-type.bundle.unit-test";
		};
/* End PBXNativeTarget section */

/* Begin PBXProject section */
		5EFA1A531B830F6A00047617 /* Project object */ = {
			isa = PBXProject;
			attributes = {
				LastUpgradeCheck = 0630;
				ORGANIZATIONNAME = Eren;
				TargetAttributes = {
					5EFA1A5A1B830F6A00047617 = {
						CreatedOnToolsVersion = 6.3.2;
					};
					5EFA1A761B830F6B00047617 = {
						CreatedOnToolsVersion = 6.3.2;
						TestTargetID = 5EFA1A5A1B830F6A00047617;
					};
				};
			};
			buildConfigurationList = 5EFA1A561B830F6A00047617 /* Build configuration list for PBXProject "DriverTestShot" */;
			compatibilityVersion = "Xcode 3.2";
			developmentRegion = English;
			hasScannedForEncodings = 0;
			knownRegions = (
				en,
				Base,
			);
			mainGroup = 5EFA1A521B830F6A00047617;
			productRefGroup = 5EFA1A5C1B830F6A00047617 /* Products */;
			projectDirPath = "";
			projectRoot = "";
			targets = (
				5EFA1A5A1B830F6A00047617 /* DriverTestShot */,
				5EFA1A761B830F6B00047617 /* DriverTestShotTests */,
			);
		};
/* End PBXProject section */

/* Begin PBXResourcesBuildPhase section */
		5EFA1A591B830F6A00047617 /* Resources */ = {
			isa = PBXResourcesBuildPhase;
			buildActionMask = 2147483647;
			files = (
				5EFA1A9B1B832D0100047617 /* UserInfoTableViewCell.xib in Resources */,
				5EFA1A6D1B830F6A00047617 /* Main.storyboard in Resources */,
				5EFA1A721B830F6A00047617 /* LaunchScreen.xib in Resources */,
				5EFA1A6F1B830F6A00047617 /* Images.xcassets in Resources */,
				5EFA1A9D1B83336A00047617 /* MyHead.jpg in Resources */,
				8032268C1B83819700A01A67 /* classOne.png in Resources */,
				8032268E1B8381B100A01A67 /* classFour.png in Resources */,
				5E5002C21B8B15C3004517FD /* Localizable.strings in Resources */,
			);
			runOnlyForDeploymentPostprocessing = 0;
		};
		5EFA1A751B830F6B00047617 /* Resources */ = {
			isa = PBXResourcesBuildPhase;
			buildActionMask = 2147483647;
			files = (
			);
			runOnlyForDeploymentPostprocessing = 0;
		};
/* End PBXResourcesBuildPhase section */

/* Begin PBXSourcesBuildPhase section */
		5EFA1A571B830F6A00047617 /* Sources */ = {
			isa = PBXSourcesBuildPhase;
			buildActionMask = 2147483647;
			files = (
				5E5002B01B8ABE38004517FD /* DriverTestLibraryClassOneViewController.m in Sources */,
				80495BE21B99C7CC005D54A8 /* WrongAnswer.m in Sources */,
				5E5002B91B8AED53004517FD /* DriverTestTabBarController.m in Sources */,
				5EFA1A641B830F6A00047617 /* AppDelegate.m in Sources */,
				80495BEB1B99C81B005D54A8 /* CustomLib.m in Sources */,
				5E5002B61B8AC1F3004517FD /* DriverTestLibNavigationViewController.m in Sources */,
				5EFA1A611B830F6A00047617 /* main.m in Sources */,
				5EFA1A6A1B830F6A00047617 /* DriverTestMainViewController.m in Sources */,
				5EFA1A671B830F6A00047617 /* DriverTestShot.xcdatamodeld in Sources */,
				5E5002C51B8B2277004517FD /* DriverApplyViewController.m in Sources */,
				80495BE81B99C7CD005D54A8 /* DriverTestLibFour.m in Sources */,
				5EFA1A8E1B831B0900047617 /* SlideMenuTableView.m in Sources */,
				5EFA1A9A1B832D0100047617 /* UserInfoTableViewCell.m in Sources */,
				5E5002B31B8ABF18004517FD /* DriverTestLibraryClassFourViewController.m in Sources */,
				80495BE51B99C7CD005D54A8 /* DriverTestLibOne.m in Sources */,
				804F10351B89C835009D9803 /* FlowLayoutForPageTest.m in Sources */,
				5EC756571B8D8B5D00FAFC11 /* SWCardSlideView.m in Sources */,
				5EFA1A8A1B83109900047617 /* SWDrag2ShowMenu.m in Sources */,
				5E5002BD1B8B0997004517FD /* DriverTestQuestionsViewController.m in Sources */,
				804F103B1B89CA52009D9803 /* WaterFallUICollectionViewCell.m in Sources */,
			);
			runOnlyForDeploymentPostprocessing = 0;
		};
		5EFA1A731B830F6B00047617 /* Sources */ = {
			isa = PBXSourcesBuildPhase;
			buildActionMask = 2147483647;
			files = (
				5EFA1A7E1B830F6B00047617 /* DriverTestShotTests.m in Sources */,
			);
			runOnlyForDeploymentPostprocessing = 0;
		};
/* End PBXSourcesBuildPhase section */

/* Begin PBXTargetDependency section */
		5EFA1A791B830F6B00047617 /* PBXTargetDependency */ = {
			isa = PBXTargetDependency;
			target = 5EFA1A5A1B830F6A00047617 /* DriverTestShot */;
			targetProxy = 5EFA1A781B830F6B00047617 /* PBXContainerItemProxy */;
		};
/* End PBXTargetDependency section */

/* Begin PBXVariantGroup section */
		5EFA1A6B1B830F6A00047617 /* Main.storyboard */ = {
			isa = PBXVariantGroup;
			children = (
				5EFA1A6C1B830F6A00047617 /* Base */,
			);
			name = Main.storyboard;
			sourceTree = "<group>";
		};
		5EFA1A701B830F6A00047617 /* LaunchScreen.xib */ = {
			isa = PBXVariantGroup;
			children = (
				5EFA1A711B830F6A00047617 /* Base */,
			);
			name = LaunchScreen.xib;
			sourceTree = "<group>";
		};
/* End PBXVariantGroup section */

/* Begin XCBuildConfiguration section */
		5EFA1A7F1B830F6B00047617 /* Debug */ = {
			isa = XCBuildConfiguration;
			buildSettings = {
				ALWAYS_SEARCH_USER_PATHS = NO;
				CLANG_CXX_LANGUAGE_STANDARD = "gnu++0x";
				CLANG_CXX_LIBRARY = "libc++";
				CLANG_ENABLE_MODULES = YES;
				CLANG_ENABLE_OBJC_ARC = YES;
				CLANG_WARN_BOOL_CONVERSION = YES;
				CLANG_WARN_CONSTANT_CONVERSION = YES;
				CLANG_WARN_DIRECT_OBJC_ISA_USAGE = YES_ERROR;
				CLANG_WARN_EMPTY_BODY = YES;
				CLANG_WARN_ENUM_CONVERSION = YES;
				CLANG_WARN_INT_CONVERSION = YES;
				CLANG_WARN_OBJC_ROOT_CLASS = YES_ERROR;
				CLANG_WARN_UNREACHABLE_CODE = YES;
				CLANG_WARN__DUPLICATE_METHOD_MATCH = YES;
				"CODE_SIGN_IDENTITY[sdk=iphoneos*]" = "iPhone Developer";
				COPY_PHASE_STRIP = NO;
				DEBUG_INFORMATION_FORMAT = "dwarf-with-dsym";
				ENABLE_STRICT_OBJC_MSGSEND = YES;
				GCC_C_LANGUAGE_STANDARD = gnu99;
				GCC_DYNAMIC_NO_PIC = NO;
				GCC_NO_COMMON_BLOCKS = YES;
				GCC_OPTIMIZATION_LEVEL = 0;
				GCC_PREPROCESSOR_DEFINITIONS = (
					"DEBUG=1",
					"$(inherited)",
				);
				GCC_SYMBOLS_PRIVATE_EXTERN = NO;
				GCC_WARN_64_TO_32_BIT_CONVERSION = YES;
				GCC_WARN_ABOUT_RETURN_TYPE = YES_ERROR;
				GCC_WARN_UNDECLARED_SELECTOR = YES;
				GCC_WARN_UNINITIALIZED_AUTOS = YES_AGGRESSIVE;
				GCC_WARN_UNUSED_FUNCTION = YES;
				GCC_WARN_UNUSED_VARIABLE = YES;
				IPHONEOS_DEPLOYMENT_TARGET = 8.3;
				MTL_ENABLE_DEBUG_INFO = YES;
				ONLY_ACTIVE_ARCH = YES;
				SDKROOT = iphoneos;
			};
			name = Debug;
		};
		5EFA1A801B830F6B00047617 /* Release */ = {
			isa = XCBuildConfiguration;
			buildSettings = {
				ALWAYS_SEARCH_USER_PATHS = NO;
				CLANG_CXX_LANGUAGE_STANDARD = "gnu++0x";
				CLANG_CXX_LIBRARY = "libc++";
				CLANG_ENABLE_MODULES = YES;
				CLANG_ENABLE_OBJC_ARC = YES;
				CLANG_WARN_BOOL_CONVERSION = YES;
				CLANG_WARN_CONSTANT_CONVERSION = YES;
				CLANG_WARN_DIRECT_OBJC_ISA_USAGE = YES_ERROR;
				CLANG_WARN_EMPTY_BODY = YES;
				CLANG_WARN_ENUM_CONVERSION = YES;
				CLANG_WARN_INT_CONVERSION = YES;
				CLANG_WARN_OBJC_ROOT_CLASS = YES_ERROR;
				CLANG_WARN_UNREACHABLE_CODE = YES;
				CLANG_WARN__DUPLICATE_METHOD_MATCH = YES;
				"CODE_SIGN_IDENTITY[sdk=iphoneos*]" = "iPhone Developer";
				COPY_PHASE_STRIP = NO;
				DEBUG_INFORMATION_FORMAT = "dwarf-with-dsym";
				ENABLE_NS_ASSERTIONS = NO;
				ENABLE_STRICT_OBJC_MSGSEND = YES;
				GCC_C_LANGUAGE_STANDARD = gnu99;
				GCC_NO_COMMON_BLOCKS = YES;
				GCC_WARN_64_TO_32_BIT_CONVERSION = YES;
				GCC_WARN_ABOUT_RETURN_TYPE = YES_ERROR;
				GCC_WARN_UNDECLARED_SELECTOR = YES;
				GCC_WARN_UNINITIALIZED_AUTOS = YES_AGGRESSIVE;
				GCC_WARN_UNUSED_FUNCTION = YES;
				GCC_WARN_UNUSED_VARIABLE = YES;
				IPHONEOS_DEPLOYMENT_TARGET = 8.3;
				MTL_ENABLE_DEBUG_INFO = NO;
				SDKROOT = iphoneos;
				VALIDATE_PRODUCT = YES;
			};
			name = Release;
		};
		5EFA1A821B830F6B00047617 /* Debug */ = {
			isa = XCBuildConfiguration;
			buildSettings = {
				ASSETCATALOG_COMPILER_APPICON_NAME = AppIcon;
				ASSETCATALOG_COMPILER_LAUNCHIMAGE_NAME = LaunchImage;
				CODE_SIGN_IDENTITY = "iPhone Developer";
				INFOPLIST_FILE = DriverTestShot/Info.plist;
				IPHONEOS_DEPLOYMENT_TARGET = 7.1;
				LD_RUNPATH_SEARCH_PATHS = "$(inherited) @executable_path/Frameworks";
				PRODUCT_NAME = "$(TARGET_NAME)";
			};
			name = Debug;
		};
		5EFA1A831B830F6B00047617 /* Release */ = {
			isa = XCBuildConfiguration;
			buildSettings = {
				ASSETCATALOG_COMPILER_APPICON_NAME = AppIcon;
				ASSETCATALOG_COMPILER_LAUNCHIMAGE_NAME = LaunchImage;
				CODE_SIGN_IDENTITY = "iPhone Developer";
				INFOPLIST_FILE = DriverTestShot/Info.plist;
				IPHONEOS_DEPLOYMENT_TARGET = 7.1;
				LD_RUNPATH_SEARCH_PATHS = "$(inherited) @executable_path/Frameworks";
				PRODUCT_NAME = "$(TARGET_NAME)";
			};
			name = Release;
		};
		5EFA1A851B830F6B00047617 /* Debug */ = {
			isa = XCBuildConfiguration;
			buildSettings = {
				BUNDLE_LOADER = "$(TEST_HOST)";
				FRAMEWORK_SEARCH_PATHS = (
					"$(SDKROOT)/Developer/Library/Frameworks",
					"$(inherited)",
				);
				GCC_PREPROCESSOR_DEFINITIONS = (
					"DEBUG=1",
					"$(inherited)",
				);
				INFOPLIST_FILE = DriverTestShotTests/Info.plist;
				LD_RUNPATH_SEARCH_PATHS = "$(inherited) @executable_path/Frameworks @loader_path/Frameworks";
				PRODUCT_NAME = "$(TARGET_NAME)";
				TEST_HOST = "$(BUILT_PRODUCTS_DIR)/DriverTestShot.app/DriverTestShot";
			};
			name = Debug;
		};
		5EFA1A861B830F6B00047617 /* Release */ = {
			isa = XCBuildConfiguration;
			buildSettings = {
				BUNDLE_LOADER = "$(TEST_HOST)";
				FRAMEWORK_SEARCH_PATHS = (
					"$(SDKROOT)/Developer/Library/Frameworks",
					"$(inherited)",
				);
				INFOPLIST_FILE = DriverTestShotTests/Info.plist;
				LD_RUNPATH_SEARCH_PATHS = "$(inherited) @executable_path/Frameworks @loader_path/Frameworks";
				PRODUCT_NAME = "$(TARGET_NAME)";
				TEST_HOST = "$(BUILT_PRODUCTS_DIR)/DriverTestShot.app/DriverTestShot";
			};
			name = Release;
		};
/* End XCBuildConfiguration section */

/* Begin XCConfigurationList section */
		5EFA1A561B830F6A00047617 /* Build configuration list for PBXProject "DriverTestShot" */ = {
			isa = XCConfigurationList;
			buildConfigurations = (
				5EFA1A7F1B830F6B00047617 /* Debug */,
				5EFA1A801B830F6B00047617 /* Release */,
			);
			defaultConfigurationIsVisible = 0;
			defaultConfigurationName = Release;
		};
		5EFA1A811B830F6B00047617 /* Build configuration list for PBXNativeTarget "DriverTestShot" */ = {
			isa = XCConfigurationList;
			buildConfigurations = (
				5EFA1A821B830F6B00047617 /* Debug */,
				5EFA1A831B830F6B00047617 /* Release */,
			);
			defaultConfigurationIsVisible = 0;
			defaultConfigurationName = Release;
		};
		5EFA1A841B830F6B00047617 /* Build configuration list for PBXNativeTarget "DriverTestShotTests" */ = {
			isa = XCConfigurationList;
			buildConfigurations = (
				5EFA1A851B830F6B00047617 /* Debug */,
				5EFA1A861B830F6B00047617 /* Release */,
			);
			defaultConfigurationIsVisible = 0;
			defaultConfigurationName = Release;
		};
/* End XCConfigurationList section */

/* Begin XCVersionGroup section */
		5EFA1A651B830F6A00047617 /* DriverTestShot.xcdatamodeld */ = {
			isa = XCVersionGroup;
			children = (
				5EFA1A661B830F6A00047617 /* DriverTestShot.xcdatamodel */,
			);
			currentVersion = 5EFA1A661B830F6A00047617 /* DriverTestShot.xcdatamodel */;
			name = DriverTestShot.xcdatamodeld;
			path = DriverTestShot/DriverTestShot.xcdatamodeld;
			sourceTree = "<group>";
			versionGroupType = wrapper.xcdatamodel;
		};
/* End XCVersionGroup section */
	};
	rootObject = 5EFA1A531B830F6A00047617 /* Project object */;
}
